schema: '2.0'
stages:
  download:
    cmd: stages/1_download.sh
    deps:
    - path: stages/1_download.sh
      hash: md5
      md5: 21d7c8651ef0ccb198be518e3f51b144
      size: 930
    outs:
    - path: download
      md5: 29de49bdb129649458cdc18f2dbe8ffa.dir
      size: 1356620732
      nfiles: 80
    - path: temp
      hash: md5
      md5: 01a6bc69d09016a79132483c28820178.dir
      size: 2178
      nfiles: 1
  unzip:
    cmd: stages/2_unzip.sh
    deps:
    - path: download
      md5: 29de49bdb129649458cdc18f2dbe8ffa.dir
      size: 1356620732
      nfiles: 80
    - path: stages/2_unzip.sh
      hash: md5
      md5: 21744884772e04c886330005ba7d04ad
      size: 590
    - path: temp
      hash: md5
      md5: 01a6bc69d09016a79132483c28820178.dir
      size: 2178
      nfiles: 1
    outs:
    - path: raw
      hash: md5
      md5: b88e20c8a879fa69030c9e8e427148dd.dir
      size: 4363859761
      nfiles: 337
  build:
    cmd: Rscript stages/3_write_brick.R
    deps:
    - path: raw
      hash: md5
      md5: b88e20c8a879fa69030c9e8e427148dd.dir
      size: 4363859761
      nfiles: 337
    - path: stages/3_write_brick.R
      hash: md5
      md5: c5dbdeded250cf30b3af70cc436cb77f
      size: 942
    - path: temp
      hash: md5
      md5: 01a6bc69d09016a79132483c28820178.dir
      size: 2178
      nfiles: 1
    outs:
    - path: brick/tox21.parquet
      hash: md5
      md5: 247348fd1254be594b21d202d514d55d
      size: 1231260948
    - path: brick/tox21_aggregated.parquet
      hash: md5
      md5: 4de160eb524d30b610ed369d19776af8
      size: 34091575
    - path: brick/tox21lib.parquet
      hash: md5
      md5: 0f67d0d71773dfff4e9658334b1c8895
      size: 825475
