schema: '2.0'
stages:
  1-stage:
    cmd: Rscript stages/01-stage.R
    deps:
    - path: stages/01-stage.R
      md5: c468dc14527e00c339f146e1dba2bd3b
      size: 118
    outs:
    - path: data/mtcars.parquet
      md5: 77cf29accf9535522fad7db1486eff9a
      size: 6243
  download:
    cmd: stages/1_download.sh
    deps:
    - path: stages/1_download.sh
      md5: 3a5186cdd66dcb41ebccde4591ea1490
      size: 639
    outs:
    - path: download
      md5: a761f80715d2b220c08fb09d426a3728.dir
      size: 1356620732
      nfiles: 80
